
Microsoft Visual Studio Solution File, Format Version 12.00
# Visual Studio Version 17
VisualStudioVersion = 17.2.32630.192
MinimumVisualStudioVersion = 10.0.40219.1
Project("{9A19103F-16F7-4668-BE54-9A1E7A4F7556}") = "R5T.S0059", "R5T.S0059\R5T.S0059.csproj", "{4BED62A1-5296-4A99-8D5B-CC79F4888A53}"
EndProject
Project("{2150E333-8FDC-42A3-9474-1A3956D46DE8}") = "_Dependencies", "_Dependencies", "{E11F64D2-AEF9-4830-9B2B-3F00749A40CC}"
EndProject
Project("{9A19103F-16F7-4668-BE54-9A1E7A4F7556}") = "R5T.F0000", "..\..\R5T.F0000\source\R5T.F0000\R5T.F0000.csproj", "{81C5FB67-6A5D-477A-8BF5-04DC7B34E5C5}"
EndProject
Project("{9A19103F-16F7-4668-BE54-9A1E7A4F7556}") = "R5T.T0131", "..\..\R5T.T0131\source\R5T.T0131\R5T.T0131.csproj", "{769F62E2-E871-452A-BAD1-B3F7D2BF1FE1}"
EndProject
Project("{9A19103F-16F7-4668-BE54-9A1E7A4F7556}") = "R5T.T0132", "..\..\R5T.T0132\source\R5T.T0132\R5T.T0132.csproj", "{97E4AFB1-07F3-4CC4-901A-FB203E8290E9}"
EndProject
Project("{9A19103F-16F7-4668-BE54-9A1E7A4F7556}") = "R5T.T0142", "..\..\R5T.T0142\source\R5T.T0142\R5T.T0142.csproj", "{6FC4259B-B689-4C43-BF56-9198683E5532}"
EndProject
Project("{9A19103F-16F7-4668-BE54-9A1E7A4F7556}") = "R5T.T0143", "..\..\R5T.T0143\source\R5T.T0143\R5T.T0143.csproj", "{1DA6B344-5442-4A7C-8B15-D94F9C806696}"
EndProject
Project("{9A19103F-16F7-4668-BE54-9A1E7A4F7556}") = "R5T.Y0000", "..\..\R5T.Y0000\source\R5T.Y0000\R5T.Y0000.csproj", "{B72882C8-96FF-406D-90F3-B05E1A78EAC3}"
EndProject
Project("{9A19103F-16F7-4668-BE54-9A1E7A4F7556}") = "R5T.Z0000", "..\..\R5T.Z0000\source\R5T.Z0000\R5T.Z0000.csproj", "{F760A4A5-F007-4FF5-B3B0-532BD8E447EB}"
EndProject
Global
	GlobalSection(NestedProjects) = preSolution
		{81C5FB67-6A5D-477A-8BF5-04DC7B34E5C5} = {E11F64D2-AEF9-4830-9B2B-3F00749A40CC}
		{769F62E2-E871-452A-BAD1-B3F7D2BF1FE1} = {E11F64D2-AEF9-4830-9B2B-3F00749A40CC}
		{97E4AFB1-07F3-4CC4-901A-FB203E8290E9} = {E11F64D2-AEF9-4830-9B2B-3F00749A40CC}
		{6FC4259B-B689-4C43-BF56-9198683E5532} = {E11F64D2-AEF9-4830-9B2B-3F00749A40CC}
		{1DA6B344-5442-4A7C-8B15-D94F9C806696} = {E11F64D2-AEF9-4830-9B2B-3F00749A40CC}
		{B72882C8-96FF-406D-90F3-B05E1A78EAC3} = {E11F64D2-AEF9-4830-9B2B-3F00749A40CC}
		{F760A4A5-F007-4FF5-B3B0-532BD8E447EB} = {E11F64D2-AEF9-4830-9B2B-3F00749A40CC}
	EndGlobalSection
	GlobalSection(SolutionConfigurationPlatforms) = preSolution
		Debug|Any CPU = Debug|Any CPU
		Release|Any CPU = Release|Any CPU
	EndGlobalSection
	GlobalSection(ProjectConfigurationPlatforms) = postSolution
		{4BED62A1-5296-4A99-8D5B-CC79F4888A53}.Debug|Any CPU.ActiveCfg = Debug|Any CPU
		{4BED62A1-5296-4A99-8D5B-CC79F4888A53}.Debug|Any CPU.Build.0 = Debug|Any CPU
		{4BED62A1-5296-4A99-8D5B-CC79F4888A53}.Release|Any CPU.ActiveCfg = Release|Any CPU
		{4BED62A1-5296-4A99-8D5B-CC79F4888A53}.Release|Any CPU.Build.0 = Release|Any CPU
		{81C5FB67-6A5D-477A-8BF5-04DC7B34E5C5}.Debug|Any CPU.ActiveCfg = Debug|Any CPU
		{81C5FB67-6A5D-477A-8BF5-04DC7B34E5C5}.Debug|Any CPU.Build.0 = Debug|Any CPU
		{81C5FB67-6A5D-477A-8BF5-04DC7B34E5C5}.Release|Any CPU.ActiveCfg = Release|Any CPU
		{81C5FB67-6A5D-477A-8BF5-04DC7B34E5C5}.Release|Any CPU.Build.0 = Release|Any CPU
		{769F62E2-E871-452A-BAD1-B3F7D2BF1FE1}.Debug|Any CPU.ActiveCfg = Debug|Any CPU
		{769F62E2-E871-452A-BAD1-B3F7D2BF1FE1}.Debug|Any CPU.Build.0 = Debug|Any CPU
		{769F62E2-E871-452A-BAD1-B3F7D2BF1FE1}.Release|Any CPU.ActiveCfg = Release|Any CPU
		{769F62E2-E871-452A-BAD1-B3F7D2BF1FE1}.Release|Any CPU.Build.0 = Release|Any CPU
		{97E4AFB1-07F3-4CC4-901A-FB203E8290E9}.Debug|Any CPU.ActiveCfg = Debug|Any CPU
		{97E4AFB1-07F3-4CC4-901A-FB203E8290E9}.Debug|Any CPU.Build.0 = Debug|Any CPU
		{97E4AFB1-07F3-4CC4-901A-FB203E8290E9}.Release|Any CPU.ActiveCfg = Release|Any CPU
		{97E4AFB1-07F3-4CC4-901A-FB203E8290E9}.Release|Any CPU.Build.0 = Release|Any CPU
		{6FC4259B-B689-4C43-BF56-9198683E5532}.Debug|Any CPU.ActiveCfg = Debug|Any CPU
		{6FC4259B-B689-4C43-BF56-9198683E5532}.Debug|Any CPU.Build.0 = Debug|Any CPU
		{6FC4259B-B689-4C43-BF56-9198683E5532}.Release|Any CPU.ActiveCfg = Release|Any CPU
		{6FC4259B-B689-4C43-BF56-9198683E5532}.Release|Any CPU.Build.0 = Release|Any CPU
		{1DA6B344-5442-4A7C-8B15-D94F9C806696}.Debug|Any CPU.ActiveCfg = Debug|Any CPU
		{1DA6B344-5442-4A7C-8B15-D94F9C806696}.Debug|Any CPU.Build.0 = Debug|Any CPU
		{1DA6B344-5442-4A7C-8B15-D94F9C806696}.Release|Any CPU.ActiveCfg = Release|Any CPU
		{1DA6B344-5442-4A7C-8B15-D94F9C806696}.Release|Any CPU.Build.0 = Release|Any CPU
		{B72882C8-96FF-406D-90F3-B05E1A78EAC3}.Debug|Any CPU.ActiveCfg = Debug|Any CPU
		{B72882C8-96FF-406D-90F3-B05E1A78EAC3}.Debug|Any CPU.Build.0 = Debug|Any CPU
		{B72882C8-96FF-406D-90F3-B05E1A78EAC3}.Release|Any CPU.ActiveCfg = Release|Any CPU
		{B72882C8-96FF-406D-90F3-B05E1A78EAC3}.Release|Any CPU.Build.0 = Release|Any CPU
		{F760A4A5-F007-4FF5-B3B0-532BD8E447EB}.Debug|Any CPU.ActiveCfg = Debug|Any CPU
		{F760A4A5-F007-4FF5-B3B0-532BD8E447EB}.Debug|Any CPU.Build.0 = Debug|Any CPU
		{F760A4A5-F007-4FF5-B3B0-532BD8E447EB}.Release|Any CPU.ActiveCfg = Release|Any CPU
		{F760A4A5-F007-4FF5-B3B0-532BD8E447EB}.Release|Any CPU.Build.0 = Release|Any CPU
	EndGlobalSection
	GlobalSection(SolutionProperties) = preSolution
		HideSolutionNode = FALSE
	EndGlobalSection
	GlobalSection(ExtensibilityGlobals) = postSolution
		SolutionGuid = {84B05320-DCE0-4786-9720-7BEC3D3C23DA}
	EndGlobalSection
EndGlobal
