
Microsoft Visual Studio Solution File, Format Version 12.00
# Visual Studio Version 17
VisualStudioVersion = 17.2.32630.192
MinimumVisualStudioVersion = 10.0.40219.1
Project("{9A19103F-16F7-4668-BE54-9A1E7A4F7556}") = "R5T.S0059.Deploy", "R5T.S0059.Deploy\R5T.S0059.Deploy.csproj", "{E329F562-99C5-4DCA-A48F-EA2A09CBB025}"
EndProject
Project("{2150E333-8FDC-42A3-9474-1A3956D46DE8}") = "_Dependencies", "_Dependencies", "{3A402913-FB50-4132-9369-1211F420A0E1}"
EndProject
Project("{9A19103F-16F7-4668-BE54-9A1E7A4F7556}") = "R5T.F0000", "..\..\R5T.F0000\source\R5T.F0000\R5T.F0000.csproj", "{3F4702F3-5ACC-4483-A0BF-F4F34C218036}"
EndProject
Project("{9A19103F-16F7-4668-BE54-9A1E7A4F7556}") = "R5T.F0002", "..\..\R5T.F0002\source\R5T.F0002\R5T.F0002.csproj", "{9B6F042E-8112-4702-81F5-BC7221468679}"
EndProject
Project("{9A19103F-16F7-4668-BE54-9A1E7A4F7556}") = "R5T.F0016.F001", "..\..\R5T.F0016\source\R5T.F0016.F001\R5T.F0016.F001.csproj", "{FF9D461C-15C5-4981-B0FB-A1DB3419CCE7}"
EndProject
Project("{9A19103F-16F7-4668-BE54-9A1E7A4F7556}") = "R5T.F0016", "..\..\R5T.F0016\source\R5T.F0016\R5T.F0016.csproj", "{98A944D8-77B1-4173-92E1-06D169214287}"
EndProject
Project("{9A19103F-16F7-4668-BE54-9A1E7A4F7556}") = "R5T.F0020", "..\..\R5T.F0020\source\R5T.F0020\R5T.F0020.csproj", "{9C312855-DC31-4045-AA8F-FD03004DC5C1}"
EndProject
Project("{9A19103F-16F7-4668-BE54-9A1E7A4F7556}") = "R5T.F0026", "..\..\R5T.F0026\source\R5T.F0026\R5T.F0026.csproj", "{A9E719B6-CFFB-480E-ABFD-ED37DA7A5B8A}"
EndProject
Project("{9A19103F-16F7-4668-BE54-9A1E7A4F7556}") = "R5T.F0027", "..\..\R5T.F0027\source\R5T.F0027\R5T.F0027.csproj", "{13FEB38B-9E71-4A2F-822E-30F7C6DA5418}"
EndProject
Project("{9A19103F-16F7-4668-BE54-9A1E7A4F7556}") = "R5T.F0029", "..\..\R5T.F0029\source\R5T.F0029\R5T.F0029.csproj", "{3CA46932-53E8-4FEA-A89C-C8E27884822B}"
EndProject
Project("{9A19103F-16F7-4668-BE54-9A1E7A4F7556}") = "R5T.F0030", "..\..\R5T.F0030\source\R5T.F0030\R5T.F0030.csproj", "{080CB555-BEFC-4B6A-B0F0-346A896707B3}"
EndProject
Project("{9A19103F-16F7-4668-BE54-9A1E7A4F7556}") = "R5T.F0034", "..\..\R5T.F0034\source\R5T.F0034\R5T.F0034.csproj", "{447E2531-E2CC-4FA7-8200-2B0E5F40FCD3}"
EndProject
Project("{9A19103F-16F7-4668-BE54-9A1E7A4F7556}") = "R5T.F0035", "..\..\R5T.F0035\source\R5T.F0035\R5T.F0035.csproj", "{A6E8D118-6500-48BB-B734-94A78151362A}"
EndProject
Project("{9A19103F-16F7-4668-BE54-9A1E7A4F7556}") = "R5T.F0040.F000", "..\..\R5T.F0040\source\R5T.F0040.F000\R5T.F0040.F000.csproj", "{ACF115E7-7238-41D3-803C-35893E86BB19}"
EndProject
Project("{9A19103F-16F7-4668-BE54-9A1E7A4F7556}") = "R5T.F0052", "..\..\R5T.F0052\source\R5T.F0052\R5T.F0052.csproj", "{0A49CA70-AE48-42D1-9C24-8E49D4C9C844}"
EndProject
Project("{9A19103F-16F7-4668-BE54-9A1E7A4F7556}") = "R5T.F0053", "..\..\R5T.F0053\source\R5T.F0053\R5T.F0053.csproj", "{90665115-A10C-4E38-A840-6F876F733218}"
EndProject
Project("{9A19103F-16F7-4668-BE54-9A1E7A4F7556}") = "R5T.F0054", "..\..\R5T.F0054\source\R5T.F0054\R5T.F0054.csproj", "{B4ECB8E5-5600-4377-A65D-D3B8D5C69E1B}"
EndProject
Project("{9A19103F-16F7-4668-BE54-9A1E7A4F7556}") = "R5T.F0076", "..\..\R5T.F0076\source\R5T.F0076\R5T.F0076.csproj", "{54DC3E0F-6B73-4C21-9CA0-6CE4CFF79143}"
EndProject
Project("{9A19103F-16F7-4668-BE54-9A1E7A4F7556}") = "R5T.F0077", "..\..\R5T.F0077\source\R5T.F0077\R5T.F0077.csproj", "{4681B0AC-0CD4-4C51-888E-8BD32A154722}"
EndProject
Project("{9A19103F-16F7-4668-BE54-9A1E7A4F7556}") = "R5T.F0096", "..\..\R5T.F0096\source\R5T.F0096\R5T.F0096.csproj", "{79E58E0B-4FE1-4365-8DEB-842D8F7DCFC8}"
EndProject
Project("{9A19103F-16F7-4668-BE54-9A1E7A4F7556}") = "R5T.L0015", "..\..\R5T.L0015\source\R5T.L0015\R5T.L0015.csproj", "{22CACD36-A1E2-4724-94D8-0B3743B3A02F}"
EndProject
Project("{9A19103F-16F7-4668-BE54-9A1E7A4F7556}") = "R5T.L0024", "..\..\R5T.L0024\source\R5T.L0024\R5T.L0024.csproj", "{6A6B9542-EB35-4B56-B73B-1F20D8F1523D}"
EndProject
Project("{9A19103F-16F7-4668-BE54-9A1E7A4F7556}") = "R5T.L0028", "..\..\R5T.L0028\source\R5T.L0028\R5T.L0028.csproj", "{D1CE380D-333F-4AF7-93F7-21133CAC52B0}"
EndProject
Project("{9A19103F-16F7-4668-BE54-9A1E7A4F7556}") = "R5T.L0029", "..\..\R5T.L0029\source\R5T.L0029\R5T.L0029.csproj", "{B096EFEA-8985-47C9-8B26-9E63BBF6A469}"
EndProject
Project("{9A19103F-16F7-4668-BE54-9A1E7A4F7556}") = "R5T.NG0002", "..\..\R5T.NG0002\source\R5T.NG0002\R5T.NG0002.csproj", "{D74D4607-4A4C-4B0B-A735-3D46FCDD2D39}"
EndProject
Project("{9A19103F-16F7-4668-BE54-9A1E7A4F7556}") = "R5T.NG0003", "..\..\R5T.NG0003\source\R5T.NG0003\R5T.NG0003.csproj", "{7E533E33-25CC-4ACA-AFEE-79256127359B}"
EndProject
Project("{9A19103F-16F7-4668-BE54-9A1E7A4F7556}") = "R5T.NG0006", "..\..\R5T.NG0006\source\R5T.NG0006\R5T.NG0006.csproj", "{3DD63282-EE44-42CD-A654-99B8FDD2C566}"
EndProject
Project("{9A19103F-16F7-4668-BE54-9A1E7A4F7556}") = "R5T.T0131", "..\..\R5T.T0131\source\R5T.T0131\R5T.T0131.csproj", "{113E15E6-5F7F-4724-9BF3-B4FD40A6D133}"
EndProject
Project("{9A19103F-16F7-4668-BE54-9A1E7A4F7556}") = "R5T.T0132", "..\..\R5T.T0132\source\R5T.T0132\R5T.T0132.csproj", "{C36BDD0F-3081-4ECD-A530-5B1C4F2CBF04}"
EndProject
Project("{9A19103F-16F7-4668-BE54-9A1E7A4F7556}") = "R5T.T0142", "..\..\R5T.T0142\source\R5T.T0142\R5T.T0142.csproj", "{E40A600B-CDB8-40A8-8EC9-FDA762F4F255}"
EndProject
Project("{9A19103F-16F7-4668-BE54-9A1E7A4F7556}") = "R5T.T0143", "..\..\R5T.T0143\source\R5T.T0143\R5T.T0143.csproj", "{4E73DC53-F6CC-46BF-BAC7-4D8229C7B369}"
EndProject
Project("{9A19103F-16F7-4668-BE54-9A1E7A4F7556}") = "R5T.T0144", "..\..\R5T.T0144\source\R5T.T0144\R5T.T0144.csproj", "{00539ECB-5703-4ADB-86D9-FE0EB89B48A8}"
EndProject
Project("{9A19103F-16F7-4668-BE54-9A1E7A4F7556}") = "R5T.T0145", "..\..\R5T.T0145\source\R5T.T0145\R5T.T0145.csproj", "{84F2F808-DE6F-468A-BE79-84D2B679B1DB}"
EndProject
Project("{9A19103F-16F7-4668-BE54-9A1E7A4F7556}") = "R5T.T0152", "..\..\R5T.T0152\source\R5T.T0152\R5T.T0152.csproj", "{DDE10B42-2774-4632-A788-33BDB51DFD13}"
EndProject
Project("{9A19103F-16F7-4668-BE54-9A1E7A4F7556}") = "R5T.Y0000", "..\..\R5T.Y0000\source\R5T.Y0000\R5T.Y0000.csproj", "{FD1A5A26-6B33-4AF7-B805-E665F61C6DDA}"
EndProject
Project("{9A19103F-16F7-4668-BE54-9A1E7A4F7556}") = "R5T.Z0000", "..\..\R5T.Z0000\source\R5T.Z0000\R5T.Z0000.csproj", "{B29A915E-EA23-49E7-BFCE-A7EDACAD4A1C}"
EndProject
Project("{9A19103F-16F7-4668-BE54-9A1E7A4F7556}") = "R5T.Z0011", "..\..\R5T.Z0011\source\R5T.Z0011\R5T.Z0011.csproj", "{D73CA3B3-7FA9-401A-87F7-95364603EAF6}"
EndProject
Project("{9A19103F-16F7-4668-BE54-9A1E7A4F7556}") = "R5T.Z0017", "..\..\R5T.Z0017.Private\source\R5T.Z0017\R5T.Z0017.csproj", "{2AD61D8E-DAB7-48E5-80DF-EDF96FCB62A6}"
EndProject
Project("{9A19103F-16F7-4668-BE54-9A1E7A4F7556}") = "R5T.Z0024", "..\..\R5T.Z0024.Private\source\R5T.Z0024\R5T.Z0024.csproj", "{EC6A56E0-40A7-4C00-9A29-5A53596AF186}"
EndProject
Global
	GlobalSection(NestedProjects) = preSolution
		{3F4702F3-5ACC-4483-A0BF-F4F34C218036} = {3A402913-FB50-4132-9369-1211F420A0E1}
		{9B6F042E-8112-4702-81F5-BC7221468679} = {3A402913-FB50-4132-9369-1211F420A0E1}
		{FF9D461C-15C5-4981-B0FB-A1DB3419CCE7} = {3A402913-FB50-4132-9369-1211F420A0E1}
		{98A944D8-77B1-4173-92E1-06D169214287} = {3A402913-FB50-4132-9369-1211F420A0E1}
		{9C312855-DC31-4045-AA8F-FD03004DC5C1} = {3A402913-FB50-4132-9369-1211F420A0E1}
		{A9E719B6-CFFB-480E-ABFD-ED37DA7A5B8A} = {3A402913-FB50-4132-9369-1211F420A0E1}
		{13FEB38B-9E71-4A2F-822E-30F7C6DA5418} = {3A402913-FB50-4132-9369-1211F420A0E1}
		{3CA46932-53E8-4FEA-A89C-C8E27884822B} = {3A402913-FB50-4132-9369-1211F420A0E1}
		{080CB555-BEFC-4B6A-B0F0-346A896707B3} = {3A402913-FB50-4132-9369-1211F420A0E1}
		{447E2531-E2CC-4FA7-8200-2B0E5F40FCD3} = {3A402913-FB50-4132-9369-1211F420A0E1}
		{A6E8D118-6500-48BB-B734-94A78151362A} = {3A402913-FB50-4132-9369-1211F420A0E1}
		{ACF115E7-7238-41D3-803C-35893E86BB19} = {3A402913-FB50-4132-9369-1211F420A0E1}
		{0A49CA70-AE48-42D1-9C24-8E49D4C9C844} = {3A402913-FB50-4132-9369-1211F420A0E1}
		{90665115-A10C-4E38-A840-6F876F733218} = {3A402913-FB50-4132-9369-1211F420A0E1}
		{B4ECB8E5-5600-4377-A65D-D3B8D5C69E1B} = {3A402913-FB50-4132-9369-1211F420A0E1}
		{54DC3E0F-6B73-4C21-9CA0-6CE4CFF79143} = {3A402913-FB50-4132-9369-1211F420A0E1}
		{4681B0AC-0CD4-4C51-888E-8BD32A154722} = {3A402913-FB50-4132-9369-1211F420A0E1}
		{79E58E0B-4FE1-4365-8DEB-842D8F7DCFC8} = {3A402913-FB50-4132-9369-1211F420A0E1}
		{22CACD36-A1E2-4724-94D8-0B3743B3A02F} = {3A402913-FB50-4132-9369-1211F420A0E1}
		{6A6B9542-EB35-4B56-B73B-1F20D8F1523D} = {3A402913-FB50-4132-9369-1211F420A0E1}
		{D1CE380D-333F-4AF7-93F7-21133CAC52B0} = {3A402913-FB50-4132-9369-1211F420A0E1}
		{B096EFEA-8985-47C9-8B26-9E63BBF6A469} = {3A402913-FB50-4132-9369-1211F420A0E1}
		{D74D4607-4A4C-4B0B-A735-3D46FCDD2D39} = {3A402913-FB50-4132-9369-1211F420A0E1}
		{7E533E33-25CC-4ACA-AFEE-79256127359B} = {3A402913-FB50-4132-9369-1211F420A0E1}
		{3DD63282-EE44-42CD-A654-99B8FDD2C566} = {3A402913-FB50-4132-9369-1211F420A0E1}
		{113E15E6-5F7F-4724-9BF3-B4FD40A6D133} = {3A402913-FB50-4132-9369-1211F420A0E1}
		{C36BDD0F-3081-4ECD-A530-5B1C4F2CBF04} = {3A402913-FB50-4132-9369-1211F420A0E1}
		{E40A600B-CDB8-40A8-8EC9-FDA762F4F255} = {3A402913-FB50-4132-9369-1211F420A0E1}
		{4E73DC53-F6CC-46BF-BAC7-4D8229C7B369} = {3A402913-FB50-4132-9369-1211F420A0E1}
		{00539ECB-5703-4ADB-86D9-FE0EB89B48A8} = {3A402913-FB50-4132-9369-1211F420A0E1}
		{84F2F808-DE6F-468A-BE79-84D2B679B1DB} = {3A402913-FB50-4132-9369-1211F420A0E1}
		{DDE10B42-2774-4632-A788-33BDB51DFD13} = {3A402913-FB50-4132-9369-1211F420A0E1}
		{FD1A5A26-6B33-4AF7-B805-E665F61C6DDA} = {3A402913-FB50-4132-9369-1211F420A0E1}
		{B29A915E-EA23-49E7-BFCE-A7EDACAD4A1C} = {3A402913-FB50-4132-9369-1211F420A0E1}
		{D73CA3B3-7FA9-401A-87F7-95364603EAF6} = {3A402913-FB50-4132-9369-1211F420A0E1}
		{2AD61D8E-DAB7-48E5-80DF-EDF96FCB62A6} = {3A402913-FB50-4132-9369-1211F420A0E1}
		{EC6A56E0-40A7-4C00-9A29-5A53596AF186} = {3A402913-FB50-4132-9369-1211F420A0E1}
	EndGlobalSection
	GlobalSection(SolutionConfigurationPlatforms) = preSolution
		Debug|Any CPU = Debug|Any CPU
		Release|Any CPU = Release|Any CPU
	EndGlobalSection
	GlobalSection(ProjectConfigurationPlatforms) = postSolution
		{E329F562-99C5-4DCA-A48F-EA2A09CBB025}.Debug|Any CPU.ActiveCfg = Debug|Any CPU
		{E329F562-99C5-4DCA-A48F-EA2A09CBB025}.Debug|Any CPU.Build.0 = Debug|Any CPU
		{E329F562-99C5-4DCA-A48F-EA2A09CBB025}.Release|Any CPU.ActiveCfg = Release|Any CPU
		{E329F562-99C5-4DCA-A48F-EA2A09CBB025}.Release|Any CPU.Build.0 = Release|Any CPU
		{3F4702F3-5ACC-4483-A0BF-F4F34C218036}.Debug|Any CPU.ActiveCfg = Debug|Any CPU
		{3F4702F3-5ACC-4483-A0BF-F4F34C218036}.Debug|Any CPU.Build.0 = Debug|Any CPU
		{3F4702F3-5ACC-4483-A0BF-F4F34C218036}.Release|Any CPU.ActiveCfg = Release|Any CPU
		{3F4702F3-5ACC-4483-A0BF-F4F34C218036}.Release|Any CPU.Build.0 = Release|Any CPU
		{9B6F042E-8112-4702-81F5-BC7221468679}.Debug|Any CPU.ActiveCfg = Debug|Any CPU
		{9B6F042E-8112-4702-81F5-BC7221468679}.Debug|Any CPU.Build.0 = Debug|Any CPU
		{9B6F042E-8112-4702-81F5-BC7221468679}.Release|Any CPU.ActiveCfg = Release|Any CPU
		{9B6F042E-8112-4702-81F5-BC7221468679}.Release|Any CPU.Build.0 = Release|Any CPU
		{FF9D461C-15C5-4981-B0FB-A1DB3419CCE7}.Debug|Any CPU.ActiveCfg = Debug|Any CPU
		{FF9D461C-15C5-4981-B0FB-A1DB3419CCE7}.Debug|Any CPU.Build.0 = Debug|Any CPU
		{FF9D461C-15C5-4981-B0FB-A1DB3419CCE7}.Release|Any CPU.ActiveCfg = Release|Any CPU
		{FF9D461C-15C5-4981-B0FB-A1DB3419CCE7}.Release|Any CPU.Build.0 = Release|Any CPU
		{98A944D8-77B1-4173-92E1-06D169214287}.Debug|Any CPU.ActiveCfg = Debug|Any CPU
		{98A944D8-77B1-4173-92E1-06D169214287}.Debug|Any CPU.Build.0 = Debug|Any CPU
		{98A944D8-77B1-4173-92E1-06D169214287}.Release|Any CPU.ActiveCfg = Release|Any CPU
		{98A944D8-77B1-4173-92E1-06D169214287}.Release|Any CPU.Build.0 = Release|Any CPU
		{9C312855-DC31-4045-AA8F-FD03004DC5C1}.Debug|Any CPU.ActiveCfg = Debug|Any CPU
		{9C312855-DC31-4045-AA8F-FD03004DC5C1}.Debug|Any CPU.Build.0 = Debug|Any CPU
		{9C312855-DC31-4045-AA8F-FD03004DC5C1}.Release|Any CPU.ActiveCfg = Release|Any CPU
		{9C312855-DC31-4045-AA8F-FD03004DC5C1}.Release|Any CPU.Build.0 = Release|Any CPU
		{A9E719B6-CFFB-480E-ABFD-ED37DA7A5B8A}.Debug|Any CPU.ActiveCfg = Debug|Any CPU
		{A9E719B6-CFFB-480E-ABFD-ED37DA7A5B8A}.Debug|Any CPU.Build.0 = Debug|Any CPU
		{A9E719B6-CFFB-480E-ABFD-ED37DA7A5B8A}.Release|Any CPU.ActiveCfg = Release|Any CPU
		{A9E719B6-CFFB-480E-ABFD-ED37DA7A5B8A}.Release|Any CPU.Build.0 = Release|Any CPU
		{13FEB38B-9E71-4A2F-822E-30F7C6DA5418}.Debug|Any CPU.ActiveCfg = Debug|Any CPU
		{13FEB38B-9E71-4A2F-822E-30F7C6DA5418}.Debug|Any CPU.Build.0 = Debug|Any CPU
		{13FEB38B-9E71-4A2F-822E-30F7C6DA5418}.Release|Any CPU.ActiveCfg = Release|Any CPU
		{13FEB38B-9E71-4A2F-822E-30F7C6DA5418}.Release|Any CPU.Build.0 = Release|Any CPU
		{3CA46932-53E8-4FEA-A89C-C8E27884822B}.Debug|Any CPU.ActiveCfg = Debug|Any CPU
		{3CA46932-53E8-4FEA-A89C-C8E27884822B}.Debug|Any CPU.Build.0 = Debug|Any CPU
		{3CA46932-53E8-4FEA-A89C-C8E27884822B}.Release|Any CPU.ActiveCfg = Release|Any CPU
		{3CA46932-53E8-4FEA-A89C-C8E27884822B}.Release|Any CPU.Build.0 = Release|Any CPU
		{080CB555-BEFC-4B6A-B0F0-346A896707B3}.Debug|Any CPU.ActiveCfg = Debug|Any CPU
		{080CB555-BEFC-4B6A-B0F0-346A896707B3}.Debug|Any CPU.Build.0 = Debug|Any CPU
		{080CB555-BEFC-4B6A-B0F0-346A896707B3}.Release|Any CPU.ActiveCfg = Release|Any CPU
		{080CB555-BEFC-4B6A-B0F0-346A896707B3}.Release|Any CPU.Build.0 = Release|Any CPU
		{447E2531-E2CC-4FA7-8200-2B0E5F40FCD3}.Debug|Any CPU.ActiveCfg = Debug|Any CPU
		{447E2531-E2CC-4FA7-8200-2B0E5F40FCD3}.Debug|Any CPU.Build.0 = Debug|Any CPU
		{447E2531-E2CC-4FA7-8200-2B0E5F40FCD3}.Release|Any CPU.ActiveCfg = Release|Any CPU
		{447E2531-E2CC-4FA7-8200-2B0E5F40FCD3}.Release|Any CPU.Build.0 = Release|Any CPU
		{A6E8D118-6500-48BB-B734-94A78151362A}.Debug|Any CPU.ActiveCfg = Debug|Any CPU
		{A6E8D118-6500-48BB-B734-94A78151362A}.Debug|Any CPU.Build.0 = Debug|Any CPU
		{A6E8D118-6500-48BB-B734-94A78151362A}.Release|Any CPU.ActiveCfg = Release|Any CPU
		{A6E8D118-6500-48BB-B734-94A78151362A}.Release|Any CPU.Build.0 = Release|Any CPU
		{ACF115E7-7238-41D3-803C-35893E86BB19}.Debug|Any CPU.ActiveCfg = Debug|Any CPU
		{ACF115E7-7238-41D3-803C-35893E86BB19}.Debug|Any CPU.Build.0 = Debug|Any CPU
		{ACF115E7-7238-41D3-803C-35893E86BB19}.Release|Any CPU.ActiveCfg = Release|Any CPU
		{ACF115E7-7238-41D3-803C-35893E86BB19}.Release|Any CPU.Build.0 = Release|Any CPU
		{0A49CA70-AE48-42D1-9C24-8E49D4C9C844}.Debug|Any CPU.ActiveCfg = Debug|Any CPU
		{0A49CA70-AE48-42D1-9C24-8E49D4C9C844}.Debug|Any CPU.Build.0 = Debug|Any CPU
		{0A49CA70-AE48-42D1-9C24-8E49D4C9C844}.Release|Any CPU.ActiveCfg = Release|Any CPU
		{0A49CA70-AE48-42D1-9C24-8E49D4C9C844}.Release|Any CPU.Build.0 = Release|Any CPU
		{90665115-A10C-4E38-A840-6F876F733218}.Debug|Any CPU.ActiveCfg = Debug|Any CPU
		{90665115-A10C-4E38-A840-6F876F733218}.Debug|Any CPU.Build.0 = Debug|Any CPU
		{90665115-A10C-4E38-A840-6F876F733218}.Release|Any CPU.ActiveCfg = Release|Any CPU
		{90665115-A10C-4E38-A840-6F876F733218}.Release|Any CPU.Build.0 = Release|Any CPU
		{B4ECB8E5-5600-4377-A65D-D3B8D5C69E1B}.Debug|Any CPU.ActiveCfg = Debug|Any CPU
		{B4ECB8E5-5600-4377-A65D-D3B8D5C69E1B}.Debug|Any CPU.Build.0 = Debug|Any CPU
		{B4ECB8E5-5600-4377-A65D-D3B8D5C69E1B}.Release|Any CPU.ActiveCfg = Release|Any CPU
		{B4ECB8E5-5600-4377-A65D-D3B8D5C69E1B}.Release|Any CPU.Build.0 = Release|Any CPU
		{54DC3E0F-6B73-4C21-9CA0-6CE4CFF79143}.Debug|Any CPU.ActiveCfg = Debug|Any CPU
		{54DC3E0F-6B73-4C21-9CA0-6CE4CFF79143}.Debug|Any CPU.Build.0 = Debug|Any CPU
		{54DC3E0F-6B73-4C21-9CA0-6CE4CFF79143}.Release|Any CPU.ActiveCfg = Release|Any CPU
		{54DC3E0F-6B73-4C21-9CA0-6CE4CFF79143}.Release|Any CPU.Build.0 = Release|Any CPU
		{4681B0AC-0CD4-4C51-888E-8BD32A154722}.Debug|Any CPU.ActiveCfg = Debug|Any CPU
		{4681B0AC-0CD4-4C51-888E-8BD32A154722}.Debug|Any CPU.Build.0 = Debug|Any CPU
		{4681B0AC-0CD4-4C51-888E-8BD32A154722}.Release|Any CPU.ActiveCfg = Release|Any CPU
		{4681B0AC-0CD4-4C51-888E-8BD32A154722}.Release|Any CPU.Build.0 = Release|Any CPU
		{79E58E0B-4FE1-4365-8DEB-842D8F7DCFC8}.Debug|Any CPU.ActiveCfg = Debug|Any CPU
		{79E58E0B-4FE1-4365-8DEB-842D8F7DCFC8}.Debug|Any CPU.Build.0 = Debug|Any CPU
		{79E58E0B-4FE1-4365-8DEB-842D8F7DCFC8}.Release|Any CPU.ActiveCfg = Release|Any CPU
		{79E58E0B-4FE1-4365-8DEB-842D8F7DCFC8}.Release|Any CPU.Build.0 = Release|Any CPU
		{22CACD36-A1E2-4724-94D8-0B3743B3A02F}.Debug|Any CPU.ActiveCfg = Debug|Any CPU
		{22CACD36-A1E2-4724-94D8-0B3743B3A02F}.Debug|Any CPU.Build.0 = Debug|Any CPU
		{22CACD36-A1E2-4724-94D8-0B3743B3A02F}.Release|Any CPU.ActiveCfg = Release|Any CPU
		{22CACD36-A1E2-4724-94D8-0B3743B3A02F}.Release|Any CPU.Build.0 = Release|Any CPU
		{6A6B9542-EB35-4B56-B73B-1F20D8F1523D}.Debug|Any CPU.ActiveCfg = Debug|Any CPU
		{6A6B9542-EB35-4B56-B73B-1F20D8F1523D}.Debug|Any CPU.Build.0 = Debug|Any CPU
		{6A6B9542-EB35-4B56-B73B-1F20D8F1523D}.Release|Any CPU.ActiveCfg = Release|Any CPU
		{6A6B9542-EB35-4B56-B73B-1F20D8F1523D}.Release|Any CPU.Build.0 = Release|Any CPU
		{D1CE380D-333F-4AF7-93F7-21133CAC52B0}.Debug|Any CPU.ActiveCfg = Debug|Any CPU
		{D1CE380D-333F-4AF7-93F7-21133CAC52B0}.Debug|Any CPU.Build.0 = Debug|Any CPU
		{D1CE380D-333F-4AF7-93F7-21133CAC52B0}.Release|Any CPU.ActiveCfg = Release|Any CPU
		{D1CE380D-333F-4AF7-93F7-21133CAC52B0}.Release|Any CPU.Build.0 = Release|Any CPU
		{B096EFEA-8985-47C9-8B26-9E63BBF6A469}.Debug|Any CPU.ActiveCfg = Debug|Any CPU
		{B096EFEA-8985-47C9-8B26-9E63BBF6A469}.Debug|Any CPU.Build.0 = Debug|Any CPU
		{B096EFEA-8985-47C9-8B26-9E63BBF6A469}.Release|Any CPU.ActiveCfg = Release|Any CPU
		{B096EFEA-8985-47C9-8B26-9E63BBF6A469}.Release|Any CPU.Build.0 = Release|Any CPU
		{D74D4607-4A4C-4B0B-A735-3D46FCDD2D39}.Debug|Any CPU.ActiveCfg = Debug|Any CPU
		{D74D4607-4A4C-4B0B-A735-3D46FCDD2D39}.Debug|Any CPU.Build.0 = Debug|Any CPU
		{D74D4607-4A4C-4B0B-A735-3D46FCDD2D39}.Release|Any CPU.ActiveCfg = Release|Any CPU
		{D74D4607-4A4C-4B0B-A735-3D46FCDD2D39}.Release|Any CPU.Build.0 = Release|Any CPU
		{7E533E33-25CC-4ACA-AFEE-79256127359B}.Debug|Any CPU.ActiveCfg = Debug|Any CPU
		{7E533E33-25CC-4ACA-AFEE-79256127359B}.Debug|Any CPU.Build.0 = Debug|Any CPU
		{7E533E33-25CC-4ACA-AFEE-79256127359B}.Release|Any CPU.ActiveCfg = Release|Any CPU
		{7E533E33-25CC-4ACA-AFEE-79256127359B}.Release|Any CPU.Build.0 = Release|Any CPU
		{3DD63282-EE44-42CD-A654-99B8FDD2C566}.Debug|Any CPU.ActiveCfg = Debug|Any CPU
		{3DD63282-EE44-42CD-A654-99B8FDD2C566}.Debug|Any CPU.Build.0 = Debug|Any CPU
		{3DD63282-EE44-42CD-A654-99B8FDD2C566}.Release|Any CPU.ActiveCfg = Release|Any CPU
		{3DD63282-EE44-42CD-A654-99B8FDD2C566}.Release|Any CPU.Build.0 = Release|Any CPU
		{113E15E6-5F7F-4724-9BF3-B4FD40A6D133}.Debug|Any CPU.ActiveCfg = Debug|Any CPU
		{113E15E6-5F7F-4724-9BF3-B4FD40A6D133}.Debug|Any CPU.Build.0 = Debug|Any CPU
		{113E15E6-5F7F-4724-9BF3-B4FD40A6D133}.Release|Any CPU.ActiveCfg = Release|Any CPU
		{113E15E6-5F7F-4724-9BF3-B4FD40A6D133}.Release|Any CPU.Build.0 = Release|Any CPU
		{C36BDD0F-3081-4ECD-A530-5B1C4F2CBF04}.Debug|Any CPU.ActiveCfg = Debug|Any CPU
		{C36BDD0F-3081-4ECD-A530-5B1C4F2CBF04}.Debug|Any CPU.Build.0 = Debug|Any CPU
		{C36BDD0F-3081-4ECD-A530-5B1C4F2CBF04}.Release|Any CPU.ActiveCfg = Release|Any CPU
		{C36BDD0F-3081-4ECD-A530-5B1C4F2CBF04}.Release|Any CPU.Build.0 = Release|Any CPU
		{E40A600B-CDB8-40A8-8EC9-FDA762F4F255}.Debug|Any CPU.ActiveCfg = Debug|Any CPU
		{E40A600B-CDB8-40A8-8EC9-FDA762F4F255}.Debug|Any CPU.Build.0 = Debug|Any CPU
		{E40A600B-CDB8-40A8-8EC9-FDA762F4F255}.Release|Any CPU.ActiveCfg = Release|Any CPU
		{E40A600B-CDB8-40A8-8EC9-FDA762F4F255}.Release|Any CPU.Build.0 = Release|Any CPU
		{4E73DC53-F6CC-46BF-BAC7-4D8229C7B369}.Debug|Any CPU.ActiveCfg = Debug|Any CPU
		{4E73DC53-F6CC-46BF-BAC7-4D8229C7B369}.Debug|Any CPU.Build.0 = Debug|Any CPU
		{4E73DC53-F6CC-46BF-BAC7-4D8229C7B369}.Release|Any CPU.ActiveCfg = Release|Any CPU
		{4E73DC53-F6CC-46BF-BAC7-4D8229C7B369}.Release|Any CPU.Build.0 = Release|Any CPU
		{00539ECB-5703-4ADB-86D9-FE0EB89B48A8}.Debug|Any CPU.ActiveCfg = Debug|Any CPU
		{00539ECB-5703-4ADB-86D9-FE0EB89B48A8}.Debug|Any CPU.Build.0 = Debug|Any CPU
		{00539ECB-5703-4ADB-86D9-FE0EB89B48A8}.Release|Any CPU.ActiveCfg = Release|Any CPU
		{00539ECB-5703-4ADB-86D9-FE0EB89B48A8}.Release|Any CPU.Build.0 = Release|Any CPU
		{84F2F808-DE6F-468A-BE79-84D2B679B1DB}.Debug|Any CPU.ActiveCfg = Debug|Any CPU
		{84F2F808-DE6F-468A-BE79-84D2B679B1DB}.Debug|Any CPU.Build.0 = Debug|Any CPU
		{84F2F808-DE6F-468A-BE79-84D2B679B1DB}.Release|Any CPU.ActiveCfg = Release|Any CPU
		{84F2F808-DE6F-468A-BE79-84D2B679B1DB}.Release|Any CPU.Build.0 = Release|Any CPU
		{DDE10B42-2774-4632-A788-33BDB51DFD13}.Debug|Any CPU.ActiveCfg = Debug|Any CPU
		{DDE10B42-2774-4632-A788-33BDB51DFD13}.Debug|Any CPU.Build.0 = Debug|Any CPU
		{DDE10B42-2774-4632-A788-33BDB51DFD13}.Release|Any CPU.ActiveCfg = Release|Any CPU
		{DDE10B42-2774-4632-A788-33BDB51DFD13}.Release|Any CPU.Build.0 = Release|Any CPU
		{FD1A5A26-6B33-4AF7-B805-E665F61C6DDA}.Debug|Any CPU.ActiveCfg = Debug|Any CPU
		{FD1A5A26-6B33-4AF7-B805-E665F61C6DDA}.Debug|Any CPU.Build.0 = Debug|Any CPU
		{FD1A5A26-6B33-4AF7-B805-E665F61C6DDA}.Release|Any CPU.ActiveCfg = Release|Any CPU
		{FD1A5A26-6B33-4AF7-B805-E665F61C6DDA}.Release|Any CPU.Build.0 = Release|Any CPU
		{B29A915E-EA23-49E7-BFCE-A7EDACAD4A1C}.Debug|Any CPU.ActiveCfg = Debug|Any CPU
		{B29A915E-EA23-49E7-BFCE-A7EDACAD4A1C}.Debug|Any CPU.Build.0 = Debug|Any CPU
		{B29A915E-EA23-49E7-BFCE-A7EDACAD4A1C}.Release|Any CPU.ActiveCfg = Release|Any CPU
		{B29A915E-EA23-49E7-BFCE-A7EDACAD4A1C}.Release|Any CPU.Build.0 = Release|Any CPU
		{D73CA3B3-7FA9-401A-87F7-95364603EAF6}.Debug|Any CPU.ActiveCfg = Debug|Any CPU
		{D73CA3B3-7FA9-401A-87F7-95364603EAF6}.Debug|Any CPU.Build.0 = Debug|Any CPU
		{D73CA3B3-7FA9-401A-87F7-95364603EAF6}.Release|Any CPU.ActiveCfg = Release|Any CPU
		{D73CA3B3-7FA9-401A-87F7-95364603EAF6}.Release|Any CPU.Build.0 = Release|Any CPU
		{2AD61D8E-DAB7-48E5-80DF-EDF96FCB62A6}.Debug|Any CPU.ActiveCfg = Debug|Any CPU
		{2AD61D8E-DAB7-48E5-80DF-EDF96FCB62A6}.Debug|Any CPU.Build.0 = Debug|Any CPU
		{2AD61D8E-DAB7-48E5-80DF-EDF96FCB62A6}.Release|Any CPU.ActiveCfg = Release|Any CPU
		{2AD61D8E-DAB7-48E5-80DF-EDF96FCB62A6}.Release|Any CPU.Build.0 = Release|Any CPU
		{EC6A56E0-40A7-4C00-9A29-5A53596AF186}.Debug|Any CPU.ActiveCfg = Debug|Any CPU
		{EC6A56E0-40A7-4C00-9A29-5A53596AF186}.Debug|Any CPU.Build.0 = Debug|Any CPU
		{EC6A56E0-40A7-4C00-9A29-5A53596AF186}.Release|Any CPU.ActiveCfg = Release|Any CPU
		{EC6A56E0-40A7-4C00-9A29-5A53596AF186}.Release|Any CPU.Build.0 = Release|Any CPU
	EndGlobalSection
	GlobalSection(SolutionProperties) = preSolution
		HideSolutionNode = FALSE
	EndGlobalSection
	GlobalSection(ExtensibilityGlobals) = postSolution
		SolutionGuid = {7EACB098-17A6-487F-97BB-AEF8DDAE7C80}
	EndGlobalSection
EndGlobal
